{
  "version": "5",
  "specifiers": {
    "jsr:@david/console-static-text@0.3": "0.3.4",
    "jsr:@david/dax@0.45.0": "0.45.0",
    "jsr:@david/path@0.2": "0.2.0",
    "jsr:@david/which@~0.4.1": "0.4.2",
    "jsr:@std/assert@1": "1.0.19",
    "jsr:@std/bytes@^1.0.6": "1.0.6",
    "jsr:@std/fmt@1": "1.0.10",
    "jsr:@std/fs@1": "1.0.23",
    "jsr:@std/internal@^1.0.12": "1.0.13",
    "jsr:@std/io@0.225": "0.225.3",
    "jsr:@std/path@1": "1.1.4",
    "jsr:@std/path@^1.1.4": "1.1.4",
    "jsr:@std/semver@1": "1.0.8",
    "npm:dprint@*": "0.52.0"
  },
  "jsr": {
    "@david/console-static-text@0.3.4": {
      "integrity": "1c596f500b075ff3c8bab1d328ca7148a88067fd9a506b16a73eeaf230c229fd"
    },
    "@david/dax@0.45.0": {
      "integrity": "ac7565dc5c3e5be953a18b505e5dd0d8a30ed53656b65fd34a53bd8d2d5d6b1e",
      "dependencies": [
        "jsr:@david/console-static-text",
        "jsr:@david/path",
        "jsr:@david/which",
        "jsr:@std/fmt",
        "jsr:@std/fs",
        "jsr:@std/io",
        "jsr:@std/path@1"
      ]
    },
    "@david/path@0.2.0": {
      "integrity": "f2d7aa7f02ce5a55e27c09f9f1381794acb09d328f8d3c8a2e3ab3ffc294dccd",
      "dependencies": [
        "jsr:@std/fs",
        "jsr:@std/path@1"
      ]
    },
    "@david/which@0.4.2": {
      "integrity": "440ee262bc0673b57a39ad4d0dc5673e515ddd41c049a55b2588a0881e5d4a8c"
    },
    "@std/assert@1.0.19": {
      "integrity": "eaada96ee120cb980bc47e040f82814d786fe8162ecc53c91d8df60b8755991e",
      "dependencies": [
        "jsr:@std/internal"
      ]
    },
    "@std/bytes@1.0.6": {
      "integrity": "f6ac6adbd8ccd99314045f5703e23af0a68d7f7e58364b47d2c7f408aeb5820a"
    },
    "@std/fmt@1.0.10": {
      "integrity": "90dfba288802ac6de82fb31d0917eb9e4450b9925b954d5e51fc29ac07419db5"
    },
    "@std/fs@1.0.23": {
      "integrity": "3ecbae4ce4fee03b180fa710caff36bb5adb66631c46a6460aaad49515565a37",
      "dependencies": [
        "jsr:@std/internal",
        "jsr:@std/path@^1.1.4"
      ]
    },
    "@std/internal@1.0.13": {
      "integrity": "2f9546691d4ac2d32859c82dff284aaeac980ddeca38430d07941e7e288725c0"
    },
    "@std/io@0.225.3": {
      "integrity": "27b07b591384d12d7b568f39e61dff966b8230559122df1e9fd11cc068f7ddd1",
      "dependencies": [
        "jsr:@std/bytes"
      ]
    },
    "@std/path@1.1.4": {
      "integrity": "1d2d43f39efb1b42f0b1882a25486647cb851481862dc7313390b2bb044314b5",
      "dependencies": [
        "jsr:@std/internal"
      ]
    },
    "@std/semver@1.0.8": {
      "integrity": "dc830e8b8b6a380c895d53fbfd1258dc253704ca57bbe1629ac65fd7830179b7"
    }
  },
  "npm": {
    "@dprint/darwin-arm64@0.52.0": {
      "integrity": "sha512-HHpmHCeFw1V9qUU0pJrz7LihrMgQJ5DOejfI3GRCJOd2ue3Api3/ZrzNSIqUbnx/j0RT5c7zxZR5aTE0RHwRFQ==",
      "os": ["darwin"],
      "cpu": ["arm64"]
    },
    "@dprint/darwin-x64@0.52.0": {
      "integrity": "sha512-ZuoYH/hyzFhwwFUmykkm1QvLk9u7zxpKL6M8r1fY+lINucujIoGZxW1PjRbbIXaST6nDLbQB21P7LyNncAByOg==",
      "os": ["darwin"],
      "cpu": ["x64"]
    },
    "@dprint/linux-arm64-glibc@0.52.0": {
      "integrity": "sha512-waghQcB32CLMuCxnVRQktc7U1S2qsL4spUmvCMyu4ufhZqXf4rQn07L1NcSmQOap40q9Db8ZBmLHfHm1Kab6uA==",
      "os": ["linux"],
      "cpu": ["arm64"]
    },
    "@dprint/linux-arm64-musl@0.52.0": {
      "integrity": "sha512-8ml2DmF8i7eEou1G5nqgMMhRir89Fsd9cMLZRPZN/FSw6Nc3vAhk2MqZIrYk2DGfoWts7jis6XvEu3/TwMP8fw==",
      "os": ["linux"],
      "cpu": ["arm64"]
    },
    "@dprint/linux-loong64-glibc@0.52.0": {
      "integrity": "sha512-tKj7Bwtcf/zNa1onoshYfQ8CaYz0N6BRYKsovop1H1d2dsRBYAKkR/FvTaPRJp1+Sx7Lc0RjRllFezkhLMRxPw==",
      "os": ["linux"],
      "cpu": ["loong64"]
    },
    "@dprint/linux-loong64-musl@0.52.0": {
      "integrity": "sha512-8X+ICN/Pc4B+Zog2UXNDJph5uKLf0VVUItYEQbdbwqsWGzPa27Kqri5ainlFzaDs5TFkJHQKQlphg+TLyxBQ7A==",
      "os": ["linux"],
      "cpu": ["loong64"]
    },
    "@dprint/linux-riscv64-glibc@0.52.0": {
      "integrity": "sha512-uQb2VqSnznfZHhrAKLxpjXMc7/c3AYepllVUhcGCdrTVp1fb7inHEilT2wSXUjOipBbfPG33cZWRzAgc5/Effg==",
      "os": ["linux"],
      "cpu": ["riscv64"]
    },
    "@dprint/linux-x64-glibc@0.52.0": {
      "integrity": "sha512-Yh3fZYUcHmII+swTUh0qgf0lEPrz4+7v3tq+vqXR8/xa3Sx8QH5MQJsJDw8Ll1mmKX5HrkBNxA5rC1lIDuFn9g==",
      "os": ["linux"],
      "cpu": ["x64"]
    },
    "@dprint/linux-x64-musl@0.52.0": {
      "integrity": "sha512-zdcgL6+PRjyZ4HVll9DuIn2ZnnxKuU0cwXtpfUZNdy+xRh1+OedUY5aZQRDN4163vkLxV9znXQT/TS0+giph1g==",
      "os": ["linux"],
      "cpu": ["x64"]
    },
    "@dprint/win32-arm64@0.52.0": {
      "integrity": "sha512-rQGhSbl2pcnU4Tl3xXJSPRi1smfIIf7XhVwzNOG7vcSExfcK8yYrrCS3z4VImYKqhI1kvv6gSfnIligtoyaX/g==",
      "os": ["win32"],
      "cpu": ["arm64"]
    },
    "@dprint/win32-x64@0.52.0": {
      "integrity": "sha512-Bi4kW6z9eVtRdNSztSvjjYET4SQzX/OYqsexVyppxv24m5RNOG1h+c9F5MFJpYy9LqQBAKHOQfkzQwPrdgNOXQ==",
      "os": ["win32"],
      "cpu": ["x64"]
    },
    "dprint@0.52.0": {
      "integrity": "sha512-qXf3B6/G4E6SJKngfo7a0z1ja21o/JJ55cF8xyhyIqvJGrpJ96vhXLr37RrbWBWIj8eV+hquBkCAV6jCwenQYA==",
      "optionalDependencies": [
        "@dprint/darwin-arm64",
        "@dprint/darwin-x64",
        "@dprint/linux-arm64-glibc",
        "@dprint/linux-arm64-musl",
        "@dprint/linux-loong64-glibc",
        "@dprint/linux-loong64-musl",
        "@dprint/linux-riscv64-glibc",
        "@dprint/linux-x64-glibc",
        "@dprint/linux-x64-musl",
        "@dprint/win32-arm64",
        "@dprint/win32-x64"
      ],
      "scripts": true,
      "bin": true
    }
  },
  "workspace": {
    "dependencies": [
      "jsr:@david/dax@0.45.0",
      "jsr:@std/assert@1",
      "jsr:@std/semver@1"
    ]
  }
}
